
Microsoft Visual Studio Solution File, Format Version 12.00
# Visual Studio Version 16
VisualStudioVersion = 16.0.29418.71
MinimumVisualStudioVersion = 10.0.40219.1
Project("{FAE04EC0-301F-11D3-BF4B-00C04F79EFBC}") = "DisingPatterns_Test", "DisingPatterns_Test\DisingPatterns_Test.csproj", "{E42BA03B-68F2-438E-B47B-C053F9F4F8BE}"
EndProject
Project("{2150E333-8FDC-42A3-9474-1A3956D46DE8}") = "Prototype", "Prototype", "{B69DDE46-10B4-4212-8624-2AD6BAC19A6D}"
EndProject
Project("{2150E333-8FDC-42A3-9474-1A3956D46DE8}") = "Memento", "Memento", "{0A90E420-E4E3-4F46-9283-B97F3A532339}"
EndProject
Project("{FAE04EC0-301F-11D3-BF4B-00C04F79EFBC}") = "Memento.Console", "Memento.Console\Memento.Console.csproj", "{1829467D-4127-428D-8286-5D82175F6B33}"
EndProject
Project("{2150E333-8FDC-42A3-9474-1A3956D46DE8}") = "Observer", "Observer", "{29D937F9-3627-4186-9F7D-C03A1FE46737}"
EndProject
Project("{FAE04EC0-301F-11D3-BF4B-00C04F79EFBC}") = "ConsoleApp1", "ConsoleApp1\ConsoleApp1.csproj", "{478F80CD-37AC-4B22-8B80-A85EBDE82829}"
EndProject
Project("{2150E333-8FDC-42A3-9474-1A3956D46DE8}") = "Comportamiento", "Comportamiento", "{E47CFCB8-76C6-418B-AE66-0EF3E4072D9A}"
EndProject
Project("{2150E333-8FDC-42A3-9474-1A3956D46DE8}") = "Creacionales", "Creacionales", "{1EC6F006-6327-4855-9FEF-A7082A71CD12}"
EndProject
Project("{2150E333-8FDC-42A3-9474-1A3956D46DE8}") = "Estructural", "Estructural", "{2D60B363-FAAB-4A44-8FF4-3AC10AF763B9}"
EndProject
Project("{2150E333-8FDC-42A3-9474-1A3956D46DE8}") = "Strategy", "Strategy", "{A7DD1699-9D01-45E8-A8E2-DD22B66A90EF}"
EndProject
Project("{FAE04EC0-301F-11D3-BF4B-00C04F79EFBC}") = "ConsoleApp2", "ConsoleApp2\ConsoleApp2.csproj", "{1EE0EDA9-6C44-4B8F-89FD-E61D3CC84F28}"
EndProject
Project("{2150E333-8FDC-42A3-9474-1A3956D46DE8}") = "Factory", "Factory", "{B04DBD7C-4C36-4323-90F4-CF164455AEB2}"
EndProject
Project("{FAE04EC0-301F-11D3-BF4B-00C04F79EFBC}") = "ConsoleApp3", "ConsoleApp3\ConsoleApp3.csproj", "{13E1DA3B-357C-4E1E-97CB-149BEEFA78A3}"
EndProject
Project("{2150E333-8FDC-42A3-9474-1A3956D46DE8}") = "Astract Factory", "Astract Factory", "{51AC3789-6135-44AA-949A-9A0F0CD76086}"
EndProject
Project("{FAE04EC0-301F-11D3-BF4B-00C04F79EFBC}") = "ConsoleApp4", "ConsoleApp4\ConsoleApp4.csproj", "{A3555FB5-41BD-4C42-B6A2-D871B0FE39CB}"
EndProject
Project("{2150E333-8FDC-42A3-9474-1A3956D46DE8}") = "Singleton", "Singleton", "{9092E7A5-EA2C-4938-B0CD-913B33F43AC7}"
EndProject
Project("{FAE04EC0-301F-11D3-BF4B-00C04F79EFBC}") = "ConsoleApp5", "ConsoleApp5\ConsoleApp5.csproj", "{731345B8-0A7C-46F5-9476-065AAA520BFA}"
EndProject
Project("{2150E333-8FDC-42A3-9474-1A3956D46DE8}") = "Builder", "Builder", "{CC44884E-625D-4972-8CDF-9F00EAB1AD53}"
EndProject
Project("{FAE04EC0-301F-11D3-BF4B-00C04F79EFBC}") = "ConsoleApp6", "ConsoleApp6\ConsoleApp6.csproj", "{C726E5DD-E24E-4B13-871E-FCE3BEED1550}"
EndProject
Project("{2150E333-8FDC-42A3-9474-1A3956D46DE8}") = "Adapter", "Adapter", "{12961AA2-41BD-49B9-A6D4-15BDC5B90EAA}"
EndProject
Project("{FAE04EC0-301F-11D3-BF4B-00C04F79EFBC}") = "ConsoleApp7", "ConsoleApp7\ConsoleApp7.csproj", "{82E32DF7-D76A-48E0-93F5-80A6DA15C1F2}"
EndProject
Project("{2150E333-8FDC-42A3-9474-1A3956D46DE8}") = "Bridge", "Bridge", "{E89387F3-CD72-4EA4-80EB-859A07E140D1}"
EndProject
Project("{FAE04EC0-301F-11D3-BF4B-00C04F79EFBC}") = "ConsoleApp8", "ConsoleApp8\ConsoleApp8.csproj", "{6859A320-61E9-4B3A-AD5D-E55653AC4932}"
EndProject
Project("{2150E333-8FDC-42A3-9474-1A3956D46DE8}") = "Decorator", "Decorator", "{46C868DD-AD87-4500-94B8-2C1C61F09594}"
EndProject
Project("{FAE04EC0-301F-11D3-BF4B-00C04F79EFBC}") = "decorator.console", "decorator.console\decorator.console.csproj", "{FFC017A8-356B-4CE5-A2D1-6113318D9BAC}"
EndProject
Project("{2150E333-8FDC-42A3-9474-1A3956D46DE8}") = "Proxi", "Proxi", "{36670AB7-0090-46EF-82EA-FFCEEAB1EEDA}"
EndProject
Project("{FAE04EC0-301F-11D3-BF4B-00C04F79EFBC}") = "Proxi.Console", "Proxi.Console\Proxi.Console.csproj", "{C613648D-2C36-429F-AC1B-124DFF378F2E}"
EndProject
Project("{2150E333-8FDC-42A3-9474-1A3956D46DE8}") = "ChainOfResponsability", "ChainOfResponsability", "{90FFA243-1F68-40A5-81AE-0A7275F08E5B}"
EndProject
Project("{FAE04EC0-301F-11D3-BF4B-00C04F79EFBC}") = "ConsoleApp9", "ConsoleApp9\ConsoleApp9.csproj", "{94657E9B-1964-4E26-B5C1-3A920600B55D}"
EndProject
Project("{2150E333-8FDC-42A3-9474-1A3956D46DE8}") = "TemplateMethod", "TemplateMethod", "{AE5CC94A-8603-41C7-8D19-9F937EEF6C3B}"
EndProject
Project("{FAE04EC0-301F-11D3-BF4B-00C04F79EFBC}") = "ConsoleApp10", "ConsoleApp10\ConsoleApp10.csproj", "{BB08E364-8FAC-4CCB-8D90-B090D30CDCA4}"
EndProject
Project("{2150E333-8FDC-42A3-9474-1A3956D46DE8}") = "iterator", "iterator", "{E2302935-A880-4568-9A5A-A661BF48E4E6}"
EndProject
Project("{FAE04EC0-301F-11D3-BF4B-00C04F79EFBC}") = "ConsoleApp11", "ConsoleApp11\ConsoleApp11.csproj", "{FDAC9C1D-20FB-4EB6-9760-190594AF2735}"
EndProject
Project("{2150E333-8FDC-42A3-9474-1A3956D46DE8}") = "visitor", "visitor", "{E14B2F9C-21BC-4B0E-A080-4A323D7B6C45}"
EndProject
Project("{FAE04EC0-301F-11D3-BF4B-00C04F79EFBC}") = "ConsoleApp12", "ConsoleApp12\ConsoleApp12.csproj", "{DF2D18A7-2A96-442B-93F6-481A06024A55}"
EndProject
Global
	GlobalSection(SolutionConfigurationPlatforms) = preSolution
		Debug|Any CPU = Debug|Any CPU
		Release|Any CPU = Release|Any CPU
	EndGlobalSection
	GlobalSection(ProjectConfigurationPlatforms) = postSolution
		{E42BA03B-68F2-438E-B47B-C053F9F4F8BE}.Debug|Any CPU.ActiveCfg = Debug|Any CPU
		{E42BA03B-68F2-438E-B47B-C053F9F4F8BE}.Debug|Any CPU.Build.0 = Debug|Any CPU
		{E42BA03B-68F2-438E-B47B-C053F9F4F8BE}.Release|Any CPU.ActiveCfg = Release|Any CPU
		{E42BA03B-68F2-438E-B47B-C053F9F4F8BE}.Release|Any CPU.Build.0 = Release|Any CPU
		{1829467D-4127-428D-8286-5D82175F6B33}.Debug|Any CPU.ActiveCfg = Debug|Any CPU
		{1829467D-4127-428D-8286-5D82175F6B33}.Debug|Any CPU.Build.0 = Debug|Any CPU
		{1829467D-4127-428D-8286-5D82175F6B33}.Release|Any CPU.ActiveCfg = Release|Any CPU
		{1829467D-4127-428D-8286-5D82175F6B33}.Release|Any CPU.Build.0 = Release|Any CPU
		{478F80CD-37AC-4B22-8B80-A85EBDE82829}.Debug|Any CPU.ActiveCfg = Debug|Any CPU
		{478F80CD-37AC-4B22-8B80-A85EBDE82829}.Debug|Any CPU.Build.0 = Debug|Any CPU
		{478F80CD-37AC-4B22-8B80-A85EBDE82829}.Release|Any CPU.ActiveCfg = Release|Any CPU
		{478F80CD-37AC-4B22-8B80-A85EBDE82829}.Release|Any CPU.Build.0 = Release|Any CPU
		{1EE0EDA9-6C44-4B8F-89FD-E61D3CC84F28}.Debug|Any CPU.ActiveCfg = Debug|Any CPU
		{1EE0EDA9-6C44-4B8F-89FD-E61D3CC84F28}.Debug|Any CPU.Build.0 = Debug|Any CPU
		{1EE0EDA9-6C44-4B8F-89FD-E61D3CC84F28}.Release|Any CPU.ActiveCfg = Release|Any CPU
		{1EE0EDA9-6C44-4B8F-89FD-E61D3CC84F28}.Release|Any CPU.Build.0 = Release|Any CPU
		{13E1DA3B-357C-4E1E-97CB-149BEEFA78A3}.Debug|Any CPU.ActiveCfg = Debug|Any CPU
		{13E1DA3B-357C-4E1E-97CB-149BEEFA78A3}.Debug|Any CPU.Build.0 = Debug|Any CPU
		{13E1DA3B-357C-4E1E-97CB-149BEEFA78A3}.Release|Any CPU.ActiveCfg = Release|Any CPU
		{13E1DA3B-357C-4E1E-97CB-149BEEFA78A3}.Release|Any CPU.Build.0 = Release|Any CPU
		{A3555FB5-41BD-4C42-B6A2-D871B0FE39CB}.Debug|Any CPU.ActiveCfg = Debug|Any CPU
		{A3555FB5-41BD-4C42-B6A2-D871B0FE39CB}.Debug|Any CPU.Build.0 = Debug|Any CPU
		{A3555FB5-41BD-4C42-B6A2-D871B0FE39CB}.Release|Any CPU.ActiveCfg = Release|Any CPU
		{A3555FB5-41BD-4C42-B6A2-D871B0FE39CB}.Release|Any CPU.Build.0 = Release|Any CPU
		{731345B8-0A7C-46F5-9476-065AAA520BFA}.Debug|Any CPU.ActiveCfg = Debug|Any CPU
		{731345B8-0A7C-46F5-9476-065AAA520BFA}.Debug|Any CPU.Build.0 = Debug|Any CPU
		{731345B8-0A7C-46F5-9476-065AAA520BFA}.Release|Any CPU.ActiveCfg = Release|Any CPU
		{731345B8-0A7C-46F5-9476-065AAA520BFA}.Release|Any CPU.Build.0 = Release|Any CPU
		{C726E5DD-E24E-4B13-871E-FCE3BEED1550}.Debug|Any CPU.ActiveCfg = Debug|Any CPU
		{C726E5DD-E24E-4B13-871E-FCE3BEED1550}.Debug|Any CPU.Build.0 = Debug|Any CPU
		{C726E5DD-E24E-4B13-871E-FCE3BEED1550}.Release|Any CPU.ActiveCfg = Release|Any CPU
		{C726E5DD-E24E-4B13-871E-FCE3BEED1550}.Release|Any CPU.Build.0 = Release|Any CPU
		{82E32DF7-D76A-48E0-93F5-80A6DA15C1F2}.Debug|Any CPU.ActiveCfg = Debug|Any CPU
		{82E32DF7-D76A-48E0-93F5-80A6DA15C1F2}.Debug|Any CPU.Build.0 = Debug|Any CPU
		{82E32DF7-D76A-48E0-93F5-80A6DA15C1F2}.Release|Any CPU.ActiveCfg = Release|Any CPU
		{82E32DF7-D76A-48E0-93F5-80A6DA15C1F2}.Release|Any CPU.Build.0 = Release|Any CPU
		{6859A320-61E9-4B3A-AD5D-E55653AC4932}.Debug|Any CPU.ActiveCfg = Debug|Any CPU
		{6859A320-61E9-4B3A-AD5D-E55653AC4932}.Debug|Any CPU.Build.0 = Debug|Any CPU
		{6859A320-61E9-4B3A-AD5D-E55653AC4932}.Release|Any CPU.ActiveCfg = Release|Any CPU
		{6859A320-61E9-4B3A-AD5D-E55653AC4932}.Release|Any CPU.Build.0 = Release|Any CPU
		{FFC017A8-356B-4CE5-A2D1-6113318D9BAC}.Debug|Any CPU.ActiveCfg = Debug|Any CPU
		{FFC017A8-356B-4CE5-A2D1-6113318D9BAC}.Debug|Any CPU.Build.0 = Debug|Any CPU
		{FFC017A8-356B-4CE5-A2D1-6113318D9BAC}.Release|Any CPU.ActiveCfg = Release|Any CPU
		{FFC017A8-356B-4CE5-A2D1-6113318D9BAC}.Release|Any CPU.Build.0 = Release|Any CPU
		{C613648D-2C36-429F-AC1B-124DFF378F2E}.Debug|Any CPU.ActiveCfg = Debug|Any CPU
		{C613648D-2C36-429F-AC1B-124DFF378F2E}.Debug|Any CPU.Build.0 = Debug|Any CPU
		{C613648D-2C36-429F-AC1B-124DFF378F2E}.Release|Any CPU.ActiveCfg = Release|Any CPU
		{C613648D-2C36-429F-AC1B-124DFF378F2E}.Release|Any CPU.Build.0 = Release|Any CPU
		{94657E9B-1964-4E26-B5C1-3A920600B55D}.Debug|Any CPU.ActiveCfg = Debug|Any CPU
		{94657E9B-1964-4E26-B5C1-3A920600B55D}.Debug|Any CPU.Build.0 = Debug|Any CPU
		{94657E9B-1964-4E26-B5C1-3A920600B55D}.Release|Any CPU.ActiveCfg = Release|Any CPU
		{94657E9B-1964-4E26-B5C1-3A920600B55D}.Release|Any CPU.Build.0 = Release|Any CPU
		{BB08E364-8FAC-4CCB-8D90-B090D30CDCA4}.Debug|Any CPU.ActiveCfg = Debug|Any CPU
		{BB08E364-8FAC-4CCB-8D90-B090D30CDCA4}.Debug|Any CPU.Build.0 = Debug|Any CPU
		{BB08E364-8FAC-4CCB-8D90-B090D30CDCA4}.Release|Any CPU.ActiveCfg = Release|Any CPU
		{BB08E364-8FAC-4CCB-8D90-B090D30CDCA4}.Release|Any CPU.Build.0 = Release|Any CPU
		{FDAC9C1D-20FB-4EB6-9760-190594AF2735}.Debug|Any CPU.ActiveCfg = Debug|Any CPU
		{FDAC9C1D-20FB-4EB6-9760-190594AF2735}.Debug|Any CPU.Build.0 = Debug|Any CPU
		{FDAC9C1D-20FB-4EB6-9760-190594AF2735}.Release|Any CPU.ActiveCfg = Release|Any CPU
		{FDAC9C1D-20FB-4EB6-9760-190594AF2735}.Release|Any CPU.Build.0 = Release|Any CPU
		{DF2D18A7-2A96-442B-93F6-481A06024A55}.Debug|Any CPU.ActiveCfg = Debug|Any CPU
		{DF2D18A7-2A96-442B-93F6-481A06024A55}.Debug|Any CPU.Build.0 = Debug|Any CPU
		{DF2D18A7-2A96-442B-93F6-481A06024A55}.Release|Any CPU.ActiveCfg = Release|Any CPU
		{DF2D18A7-2A96-442B-93F6-481A06024A55}.Release|Any CPU.Build.0 = Release|Any CPU
	EndGlobalSection
	GlobalSection(SolutionProperties) = preSolution
		HideSolutionNode = FALSE
	EndGlobalSection
	GlobalSection(NestedProjects) = preSolution
		{E42BA03B-68F2-438E-B47B-C053F9F4F8BE} = {B69DDE46-10B4-4212-8624-2AD6BAC19A6D}
		{B69DDE46-10B4-4212-8624-2AD6BAC19A6D} = {1EC6F006-6327-4855-9FEF-A7082A71CD12}
		{0A90E420-E4E3-4F46-9283-B97F3A532339} = {E47CFCB8-76C6-418B-AE66-0EF3E4072D9A}
		{1829467D-4127-428D-8286-5D82175F6B33} = {0A90E420-E4E3-4F46-9283-B97F3A532339}
		{29D937F9-3627-4186-9F7D-C03A1FE46737} = {E47CFCB8-76C6-418B-AE66-0EF3E4072D9A}
		{478F80CD-37AC-4B22-8B80-A85EBDE82829} = {29D937F9-3627-4186-9F7D-C03A1FE46737}
		{A7DD1699-9D01-45E8-A8E2-DD22B66A90EF} = {E47CFCB8-76C6-418B-AE66-0EF3E4072D9A}
		{1EE0EDA9-6C44-4B8F-89FD-E61D3CC84F28} = {A7DD1699-9D01-45E8-A8E2-DD22B66A90EF}
		{B04DBD7C-4C36-4323-90F4-CF164455AEB2} = {1EC6F006-6327-4855-9FEF-A7082A71CD12}
		{13E1DA3B-357C-4E1E-97CB-149BEEFA78A3} = {B04DBD7C-4C36-4323-90F4-CF164455AEB2}
		{51AC3789-6135-44AA-949A-9A0F0CD76086} = {1EC6F006-6327-4855-9FEF-A7082A71CD12}
		{A3555FB5-41BD-4C42-B6A2-D871B0FE39CB} = {51AC3789-6135-44AA-949A-9A0F0CD76086}
		{9092E7A5-EA2C-4938-B0CD-913B33F43AC7} = {1EC6F006-6327-4855-9FEF-A7082A71CD12}
		{731345B8-0A7C-46F5-9476-065AAA520BFA} = {9092E7A5-EA2C-4938-B0CD-913B33F43AC7}
		{CC44884E-625D-4972-8CDF-9F00EAB1AD53} = {1EC6F006-6327-4855-9FEF-A7082A71CD12}
		{C726E5DD-E24E-4B13-871E-FCE3BEED1550} = {CC44884E-625D-4972-8CDF-9F00EAB1AD53}
		{12961AA2-41BD-49B9-A6D4-15BDC5B90EAA} = {2D60B363-FAAB-4A44-8FF4-3AC10AF763B9}
		{82E32DF7-D76A-48E0-93F5-80A6DA15C1F2} = {12961AA2-41BD-49B9-A6D4-15BDC5B90EAA}
		{E89387F3-CD72-4EA4-80EB-859A07E140D1} = {2D60B363-FAAB-4A44-8FF4-3AC10AF763B9}
		{6859A320-61E9-4B3A-AD5D-E55653AC4932} = {E89387F3-CD72-4EA4-80EB-859A07E140D1}
		{46C868DD-AD87-4500-94B8-2C1C61F09594} = {2D60B363-FAAB-4A44-8FF4-3AC10AF763B9}
		{FFC017A8-356B-4CE5-A2D1-6113318D9BAC} = {46C868DD-AD87-4500-94B8-2C1C61F09594}
		{36670AB7-0090-46EF-82EA-FFCEEAB1EEDA} = {2D60B363-FAAB-4A44-8FF4-3AC10AF763B9}
		{C613648D-2C36-429F-AC1B-124DFF378F2E} = {36670AB7-0090-46EF-82EA-FFCEEAB1EEDA}
		{90FFA243-1F68-40A5-81AE-0A7275F08E5B} = {E47CFCB8-76C6-418B-AE66-0EF3E4072D9A}
		{94657E9B-1964-4E26-B5C1-3A920600B55D} = {90FFA243-1F68-40A5-81AE-0A7275F08E5B}
		{AE5CC94A-8603-41C7-8D19-9F937EEF6C3B} = {E47CFCB8-76C6-418B-AE66-0EF3E4072D9A}
		{BB08E364-8FAC-4CCB-8D90-B090D30CDCA4} = {AE5CC94A-8603-41C7-8D19-9F937EEF6C3B}
		{E2302935-A880-4568-9A5A-A661BF48E4E6} = {E47CFCB8-76C6-418B-AE66-0EF3E4072D9A}
		{FDAC9C1D-20FB-4EB6-9760-190594AF2735} = {E2302935-A880-4568-9A5A-A661BF48E4E6}
		{E14B2F9C-21BC-4B0E-A080-4A323D7B6C45} = {E47CFCB8-76C6-418B-AE66-0EF3E4072D9A}
		{DF2D18A7-2A96-442B-93F6-481A06024A55} = {E14B2F9C-21BC-4B0E-A080-4A323D7B6C45}
	EndGlobalSection
	GlobalSection(ExtensibilityGlobals) = postSolution
		SolutionGuid = {2DF88634-D9BA-44BB-9B6F-E0E66571A475}
	EndGlobalSection
EndGlobal
